# THIS IS AN AUTOGENERATED FILE. DO NOT EDIT THIS FILE DIRECTLY.
# yarn lockfile v1


"@pirxpilot/google-polyline@^3.0.1":
  version "3.0.1"
  resolved "https://registry.yarnpkg.com/@pirxpilot/google-polyline/-/google-polyline-3.0.1.tgz#5de64f534a1cd16641e7c8beca50318440edc33a"
  integrity sha512-uuiKsvHWnlx7YiisrO9C/BgU5UCc6ITZHaiBwL9z/FGTOMxl+JeXlS1HHJ19eFnwtiTVRAfEZBPZcmRu2Y0G7g==
